// !$*UTF8*$!
{
	archiveVersion = 1;
	classes = {
	};
	objectVersion = 46;
	objects = {

/* Begin PBXBuildFile section */
		59FE630818FD9F4E009C8D12 /* Foundation.framework in Frameworks */ = {isa = PBXBuildFile; fileRef = 59FE630718FD9F4D009C8D12 /* Foundation.framework */; };
		59FE630A18FD9F4E009C8D12 /* CoreGraphics.framework in Frameworks */ = {isa = PBXBuildFile; fileRef = 59FE630918FD9F4E009C8D12 /* CoreGraphics.framework */; };
		59FE630C18FD9F4E009C8D12 /* UIKit.framework in Frameworks */ = {isa = PBXBuildFile; fileRef = 59FE630B18FD9F4E009C8D12 /* UIKit.framework */; };
		59FE631218FD9F4E009C8D12 /* InfoPlist.strings in Resources */ = {isa = PBXBuildFile; fileRef = 59FE631018FD9F4E009C8D12 /* InfoPlist.strings */; };
		59FE631418FD9F4E009C8D12 /* main.m in Sources */ = {isa = PBXBuildFile; fileRef = 59FE631318FD9F4E009C8D12 /* main.m */; };
		59FE631818FD9F4E009C8D12 /* DRBAppDelegate.m in Sources */ = {isa = PBXBuildFile; fileRef = 59FE631718FD9F4E009C8D12 /* DRBAppDelegate.m */; };
		59FE631B18FD9F4E009C8D12 /* Main.storyboard in Resources */ = {isa = PBXBuildFile; fileRef = 59FE631918FD9F4E009C8D12 /* Main.storyboard */; };
		59FE631E18FD9F4E009C8D12 /* DRBViewController.m in Sources */ = {isa = PBXBuildFile; fileRef = 59FE631D18FD9F4E009C8D12 /* DRBViewController.m */; };
		59FE632018FD9F4E009C8D12 /* Images.xcassets in Resources */ = {isa = PBXBuildFile; fileRef = 59FE631F18FD9F4E009C8D12 /* Images.xcassets */; };
		59FE632718FD9F4E009C8D12 /* XCTest.framework in Frameworks */ = {isa = PBXBuildFile; fileRef = 59FE632618FD9F4E009C8D12 /* XCTest.framework */; };
		59FE632818FD9F4E009C8D12 /* Foundation.framework in Frameworks */ = {isa = PBXBuildFile; fileRef = 59FE630718FD9F4D009C8D12 /* Foundation.framework */; };
		59FE632918FD9F4E009C8D12 /* UIKit.framework in Frameworks */ = {isa = PBXBuildFile; fileRef = 59FE630B18FD9F4E009C8D12 /* UIKit.framework */; };
		59FE633118FD9F4E009C8D12 /* InfoPlist.strings in Resources */ = {isa = PBXBuildFile; fileRef = 59FE632F18FD9F4E009C8D12 /* InfoPlist.strings */; };
		59FE633318FD9F4E009C8D12 /* CrystalBallTests.m in Sources */ = {isa = PBXBuildFile; fileRef = 59FE633218FD9F4E009C8D12 /* CrystalBallTests.m */; };
/* End PBXBuildFile section */

/* Begin PBXContainerItemProxy section */
		59FE632A18FD9F4E009C8D12 /* PBXContainerItemProxy */ = {
			isa = PBXContainerItemProxy;
			containerPortal = 59FE62FC18FD9F4D009C8D12 /* Project object */;
			proxyType = 1;
			remoteGlobalIDString = 59FE630318FD9F4D009C8D12;
			remoteInfo = CrystalBall;
		};
/* End PBXContainerItemProxy section */

/* Begin PBXFileReference section */
		59FE630418FD9F4D009C8D12 /* CrystalBall.app */ = {isa = PBXFileReference; explicitFileType = wrapper.application; includeInIndex = 0; path = CrystalBall.app; sourceTree = BUILT_PRODUCTS_DIR; };
		59FE630718FD9F4D009C8D12 /* Foundation.framework */ = {isa = PBXFileReference; lastKnownFileType = wrapper.framework; name = Foundation.framework; path = System/Library/Frameworks/Foundation.framework; sourceTree = SDKROOT; };
		59FE630918FD9F4E009C8D12 /* CoreGraphics.framework */ = {isa = PBXFileReference; lastKnownFileType = wrapper.framework; name = CoreGraphics.framework; path = System/Library/Frameworks/CoreGraphics.framework; sourceTree = SDKROOT; };
		59FE630B18FD9F4E009C8D12 /* UIKit.framework */ = {isa = PBXFileReference; lastKnownFileType = wrapper.framework; name = UIKit.framework; path = System/Library/Frameworks/UIKit.framework; sourceTree = SDKROOT; };
		59FE630F18FD9F4E009C8D12 /* CrystalBall-Info.plist */ = {isa = PBXFileReference; lastKnownFileType = text.plist.xml; path = "CrystalBall-Info.plist"; sourceTree = "<group>"; };
		59FE631118FD9F4E009C8D12 /* en */ = {isa = PBXFileReference; lastKnownFileType = text.plist.strings; name = en; path = en.lproj/InfoPlist.strings; sourceTree = "<group>"; };
		59FE631318FD9F4E009C8D12 /* main.m */ = {isa = PBXFileReference; lastKnownFileType = sourcecode.c.objc; path = main.m; sourceTree = "<group>"; };
		59FE631518FD9F4E009C8D12 /* CrystalBall-Prefix.pch */ = {isa = PBXFileReference; lastKnownFileType = sourcecode.c.h; path = "CrystalBall-Prefix.pch"; sourceTree = "<group>"; };
		59FE631618FD9F4E009C8D12 /* DRBAppDelegate.h */ = {isa = PBXFileReference; lastKnownFileType = sourcecode.c.h; path = DRBAppDelegate.h; sourceTree = "<group>"; };
		59FE631718FD9F4E009C8D12 /* DRBAppDelegate.m */ = {isa = PBXFileReference; lastKnownFileType = sourcecode.c.objc; path = DRBAppDelegate.m; sourceTree = "<group>"; };
		59FE631A18FD9F4E009C8D12 /* Base */ = {isa = PBXFileReference; lastKnownFileType = file.storyboard; name = Base; path = Base.lproj/Main.storyboard; sourceTree = "<group>"; };
		59FE631C18FD9F4E009C8D12 /* DRBViewController.h */ = {isa = PBXFileReference; lastKnownFileType = sourcecode.c.h; path = DRBViewController.h; sourceTree = "<group>"; };
		59FE631D18FD9F4E009C8D12 /* DRBViewController.m */ = {isa = PBXFileReference; lastKnownFileType = sourcecode.c.objc; path = DRBViewController.m; sourceTree = "<group>"; };
		59FE631F18FD9F4E009C8D12 /* Images.xcassets */ = {isa = PBXFileReference; lastKnownFileType = folder.assetcatalog; path = Images.xcassets; sourceTree = "<group>"; };
		59FE632518FD9F4E009C8D12 /* CrystalBallTests.xctest */ = {isa = PBXFileReference; explicitFileType = wrapper.cfbundle; includeInIndex = 0; path = CrystalBallTests.xctest; sourceTree = BUILT_PRODUCTS_DIR; };
		59FE632618FD9F4E009C8D12 /* XCTest.framework */ = {isa = PBXFileReference; lastKnownFileType = wrapper.framework; name = XCTest.framework; path = Library/Frameworks/XCTest.framework; sourceTree = DEVELOPER_DIR; };
		59FE632E18FD9F4E009C8D12 /* CrystalBallTests-Info.plist */ = {isa = PBXFileReference; lastKnownFileType = text.plist.xml; path = "CrystalBallTests-Info.plist"; sourceTree = "<group>"; };
		59FE633018FD9F4E009C8D12 /* en */ = {isa = PBXFileReference; lastKnownFileType = text.plist.strings; name = en; path = en.lproj/InfoPlist.strings; sourceTree = "<group>"; };
		59FE633218FD9F4E009C8D12 /* CrystalBallTests.m */ = {isa = PBXFileReference; lastKnownFileType = sourcecode.c.objc; path = CrystalBallTests.m; sourceTree = "<group>"; };
/* End PBXFileReference section */

/* Begin PBXFrameworksBuildPhase section */
		59FE630118FD9F4D009C8D12 /* Frameworks */ = {
			isa = PBXFrameworksBuildPhase;
			buildActionMask = 2147483647;
			files = (
				59FE630A18FD9F4E009C8D12 /* CoreGraphics.framework in Frameworks */,
				59FE630C18FD9F4E009C8D12 /* UIKit.framework in Frameworks */,
				59FE630818FD9F4E009C8D12 /* Foundation.framework in Frameworks */,
			);
			runOnlyForDeploymentPostprocessing = 0;
		};
		59FE632218FD9F4E009C8D12 /* Frameworks */ = {
			isa = PBXFrameworksBuildPhase;
			buildActionMask = 2147483647;
			files = (
				59FE632718FD9F4E009C8D12 /* XCTest.framework in Frameworks */,
				59FE632918FD9F4E009C8D12 /* UIKit.framework in Frameworks */,
				59FE632818FD9F4E009C8D12 /* Foundation.framework in Frameworks */,
			);
			runOnlyForDeploymentPostprocessing = 0;
		};
/* End PBXFrameworksBuildPhase section */

/* Begin PBXGroup section */
		59FE62FB18FD9F4D009C8D12 = {
			isa = PBXGroup;
			children = (
				59FE630D18FD9F4E009C8D12 /* CrystalBall */,
				59FE632C18FD9F4E009C8D12 /* CrystalBallTests */,
				59FE630618FD9F4D009C8D12 /* Frameworks */,
				59FE630518FD9F4D009C8D12 /* Products */,
			);
			sourceTree = "<group>";
		};
		59FE630518FD9F4D009C8D12 /* Products */ = {
			isa = PBXGroup;
			children = (
				59FE630418FD9F4D009C8D12 /* CrystalBall.app */,
				59FE632518FD9F4E009C8D12 /* CrystalBallTests.xctest */,
			);
			name = Products;
			sourceTree = "<group>";
		};
		59FE630618FD9F4D009C8D12 /* Frameworks */ = {
			isa = PBXGroup;
			children = (
				59FE630718FD9F4D009C8D12 /* Foundation.framework */,
				59FE630918FD9F4E009C8D12 /* CoreGraphics.framework */,
				59FE630B18FD9F4E009C8D12 /* UIKit.framework */,
				59FE632618FD9F4E009C8D12 /* XCTest.framework */,
			);
			name = Frameworks;
			sourceTree = "<group>";
		};
		59FE630D18FD9F4E009C8D12 /* CrystalBall */ = {
			isa = PBXGroup;
			children = (
				59FE631618FD9F4E009C8D12 /* DRBAppDelegate.h */,
				59FE631718FD9F4E009C8D12 /* DRBAppDelegate.m */,
				59FE631918FD9F4E009C8D12 /* Main.storyboard */,
				59FE631C18FD9F4E009C8D12 /* DRBViewController.h */,
				59FE631D18FD9F4E009C8D12 /* DRBViewController.m */,
				59FE631F18FD9F4E009C8D12 /* Images.xcassets */,
				59FE630E18FD9F4E009C8D12 /* Supporting Files */,
			);
			path = CrystalBall;
			sourceTree = "<group>";
		};
		59FE630E18FD9F4E009C8D12 /* Supporting Files */ = {
			isa = PBXGroup;
			children = (
				59FE630F18FD9F4E009C8D12 /* CrystalBall-Info.plist */,
				59FE631018FD9F4E009C8D12 /* InfoPlist.strings */,
				59FE631318FD9F4E009C8D12 /* main.m */,
				59FE631518FD9F4E009C8D12 /* CrystalBall-Prefix.pch */,
			);
			name = "Supporting Files";
			sourceTree = "<group>";
		};
		59FE632C18FD9F4E009C8D12 /* CrystalBallTests */ = {
			isa = PBXGroup;
			children = (
				59FE633218FD9F4E009C8D12 /* CrystalBallTests.m */,
				59FE632D18FD9F4E009C8D12 /* Supporting Files */,
			);
			path = CrystalBallTests;
			sourceTree = "<group>";
		};
		59FE632D18FD9F4E009C8D12 /* Supporting Files */ = {
			isa = PBXGroup;
			children = (
				59FE632E18FD9F4E009C8D12 /* CrystalBallTests-Info.plist */,
				59FE632F18FD9F4E009C8D12 /* InfoPlist.strings */,
			);
			name = "Supporting Files";
			sourceTree = "<group>";
		};
/* End PBXGroup section */

/* Begin PBXNativeTarget section */
		59FE630318FD9F4D009C8D12 /* CrystalBall */ = {
			isa = PBXNativeTarget;
			buildConfigurationList = 59FE633618FD9F4E009C8D12 /* Build configuration list for PBXNativeTarget "CrystalBall" */;
			buildPhases = (
				59FE630018FD9F4D009C8D12 /* Sources */,
				59FE630118FD9F4D009C8D12 /* Frameworks */,
				59FE630218FD9F4D009C8D12 /* Resources */,
			);
			buildRules = (
			);
			dependencies = (
			);
			name = CrystalBall;
			productName = CrystalBall;
			productReference = 59FE630418FD9F4D009C8D12 /* CrystalBall.app */;
			productType = "com.apple.product-type.application";
		};
		59FE632418FD9F4E009C8D12 /* CrystalBallTests */ = {
			isa = PBXNativeTarget;
			buildConfigurationList = 59FE633918FD9F4E009C8D12 /* Build configuration list for PBXNativeTarget "CrystalBallTests" */;
			buildPhases = (
				59FE632118FD9F4E009C8D12 /* Sources */,
				59FE632218FD9F4E009C8D12 /* Frameworks */,
				59FE632318FD9F4E009C8D12 /* Resources */,
			);
			buildRules = (
			);
			dependencies = (
				59FE632B18FD9F4E009C8D12 /* PBXTargetDependency */,
			);
			name = CrystalBallTests;
			productName = CrystalBallTests;
			productReference = 59FE632518FD9F4E009C8D12 /* CrystalBallTests.xctest */;
			productType = "com.apple.product-type.bundle.unit-test";
		};
/* End PBXNativeTarget section */

/* Begin PBXProject section */
		59FE62FC18FD9F4D009C8D12 /* Project object */ = {
			isa = PBXProject;
			attributes = {
				CLASSPREFIX = DRB;
				LastUpgradeCheck = 0510;
				ORGANIZATIONNAME = dReyes;
				TargetAttributes = {
					59FE632418FD9F4E009C8D12 = {
						TestTargetID = 59FE630318FD9F4D009C8D12;
					};
				};
			};
			buildConfigurationList = 59FE62FF18FD9F4D009C8D12 /* Build configuration list for PBXProject "CrystalBall" */;
			compatibilityVersion = "Xcode 3.2";
			developmentRegion = English;
			hasScannedForEncodings = 0;
			knownRegions = (
				en,
				Base,
			);
			mainGroup = 59FE62FB18FD9F4D009C8D12;
			productRefGroup = 59FE630518FD9F4D009C8D12 /* Products */;
			projectDirPath = "";
			projectRoot = "";
			targets = (
				59FE630318FD9F4D009C8D12 /* CrystalBall */,
				59FE632418FD9F4E009C8D12 /* CrystalBallTests */,
			);
		};
/* End PBXProject section */

/* Begin PBXResourcesBuildPhase section */
		59FE630218FD9F4D009C8D12 /* Resources */ = {
			isa = PBXResourcesBuildPhase;
			buildActionMask = 2147483647;
			files = (
				59FE632018FD9F4E009C8D12 /* Images.xcassets in Resources */,
				59FE631218FD9F4E009C8D12 /* InfoPlist.strings in Resources */,
				59FE631B18FD9F4E009C8D12 /* Main.storyboard in Resources */,
			);
			runOnlyForDeploymentPostprocessing = 0;
		};
		59FE632318FD9F4E009C8D12 /* Resources */ = {
			isa = PBXResourcesBuildPhase;
			buildActionMask = 2147483647;
			files = (
				59FE633118FD9F4E009C8D12 /* InfoPlist.strings in Resources */,
			);
			runOnlyForDeploymentPostprocessing = 0;
		};
/* End PBXResourcesBuildPhase section */

/* Begin PBXSourcesBuildPhase section */
		59FE630018FD9F4D009C8D12 /* Sources */ = {
			isa = PBXSourcesBuildPhase;
			buildActionMask = 2147483647;
			files = (
				59FE631418FD9F4E009C8D12 /* main.m in Sources */,
				59FE631818FD9F4E009C8D12 /* DRBAppDelegate.m in Sources */,
				59FE631E18FD9F4E009C8D12 /* DRBViewController.m in Sources */,
			);
			runOnlyForDeploymentPostprocessing = 0;
		};
		59FE632118FD9F4E009C8D12 /* Sources */ = {
			isa = PBXSourcesBuildPhase;
			buildActionMask = 2147483647;
			files = (
				59FE633318FD9F4E009C8D12 /* CrystalBallTests.m in Sources */,
			);
			runOnlyForDeploymentPostprocessing = 0;
		};
/* End PBXSourcesBuildPhase section */

/* Begin PBXTargetDependency section */
		59FE632B18FD9F4E009C8D12 /* PBXTargetDependency */ = {
			isa = PBXTargetDependency;
			target = 59FE630318FD9F4D009C8D12 /* CrystalBall */;
			targetProxy = 59FE632A18FD9F4E009C8D12 /* PBXContainerItemProxy */;
		};
/* End PBXTargetDependency section */

/* Begin PBXVariantGroup section */
		59FE631018FD9F4E009C8D12 /* InfoPlist.strings */ = {
			isa = PBXVariantGroup;
			children = (
				59FE631118FD9F4E009C8D12 /* en */,
			);
			name = InfoPlist.strings;
			sourceTree = "<group>";
		};
		59FE631918FD9F4E009C8D12 /* Main.storyboard */ = {
			isa = PBXVariantGroup;
			children = (
				59FE631A18FD9F4E009C8D12 /* Base */,
			);
			name = Main.storyboard;
			sourceTree = "<group>";
		};
		59FE632F18FD9F4E009C8D12 /* InfoPlist.strings */ = {
			isa = PBXVariantGroup;
			children = (
				59FE633018FD9F4E009C8D12 /* en */,
			);
			name = InfoPlist.strings;
			sourceTree = "<group>";
		};
/* End PBXVariantGroup section */

/* Begin XCBuildConfiguration section */
		59FE633418FD9F4E009C8D12 /* Debug */ = {
			isa = XCBuildConfiguration;
			buildSettings = {
				ALWAYS_SEARCH_USER_PATHS = NO;
				CLANG_CXX_LANGUAGE_STANDARD = "gnu++0x";
				CLANG_CXX_LIBRARY = "libc++";
				CLANG_ENABLE_MODULES = YES;
				CLANG_ENABLE_OBJC_ARC = YES;
				CLANG_WARN_BOOL_CONVERSION = YES;
				CLANG_WARN_CONSTANT_CONVERSION = YES;
				CLANG_WARN_DIRECT_OBJC_ISA_USAGE = YES_ERROR;
				CLANG_WARN_EMPTY_BODY = YES;
				CLANG_WARN_ENUM_CONVERSION = YES;
				CLANG_WARN_INT_CONVERSION = YES;
				CLANG_WARN_OBJC_ROOT_CLASS = YES_ERROR;
				CLANG_WARN__DUPLICATE_METHOD_MATCH = YES;
				"CODE_SIGN_IDENTITY[sdk=iphoneos*]" = "iPhone Developer";
				COPY_PHASE_STRIP = NO;
				GCC_C_LANGUAGE_STANDARD = gnu99;
				GCC_DYNAMIC_NO_PIC = NO;
				GCC_OPTIMIZATION_LEVEL = 0;
				GCC_PREPROCESSOR_DEFINITIONS = (
					"DEBUG=1",
					"$(inherited)",
				);
				GCC_SYMBOLS_PRIVATE_EXTERN = NO;
				GCC_WARN_64_TO_32_BIT_CONVERSION = YES;
				GCC_WARN_ABOUT_RETURN_TYPE = YES_ERROR;
				GCC_WARN_UNDECLARED_SELECTOR = YES;
				GCC_WARN_UNINITIALIZED_AUTOS = YES_AGGRESSIVE;
				GCC_WARN_UNUSED_FUNCTION = YES;
				GCC_WARN_UNUSED_VARIABLE = YES;
				IPHONEOS_DEPLOYMENT_TARGET = 7.1;
				ONLY_ACTIVE_ARCH = YES;
				SDKROOT = iphoneos;
			};
			name = Debug;
		};
		59FE633518FD9F4E009C8D12 /* Release */ = {
			isa = XCBuildConfiguration;
			buildSettings = {
				ALWAYS_SEARCH_USER_PATHS = NO;
				CLANG_CXX_LANGUAGE_STANDARD = "gnu++0x";
				CLANG_CXX_LIBRARY = "libc++";
				CLANG_ENABLE_MODULES = YES;
				CLANG_ENABLE_OBJC_ARC = YES;
				CLANG_WARN_BOOL_CONVERSION = YES;
				CLANG_WARN_CONSTANT_CONVERSION = YES;
				CLANG_WARN_DIRECT_OBJC_ISA_USAGE = YES_ERROR;
				CLANG_WARN_EMPTY_BODY = YES;
				CLANG_WARN_ENUM_CONVERSION = YES;
				CLANG_WARN_INT_CONVERSION = YES;
				CLANG_WARN_OBJC_ROOT_CLASS = YES_ERROR;
				CLANG_WARN__DUPLICATE_METHOD_MATCH = YES;
				"CODE_SIGN_IDENTITY[sdk=iphoneos*]" = "iPhone Developer";
				COPY_PHASE_STRIP = YES;
				ENABLE_NS_ASSERTIONS = NO;
				GCC_C_LANGUAGE_STANDARD = gnu99;
				GCC_WARN_64_TO_32_BIT_CONVERSION = YES;
				GCC_WARN_ABOUT_RETURN_TYPE = YES_ERROR;
				GCC_WARN_UNDECLARED_SELECTOR = YES;
				GCC_WARN_UNINITIALIZED_AUTOS = YES_AGGRESSIVE;
				GCC_WARN_UNUSED_FUNCTION = YES;
				GCC_WARN_UNUSED_VARIABLE = YES;
				IPHONEOS_DEPLOYMENT_TARGET = 7.1;
				SDKROOT = iphoneos;
				VALIDATE_PRODUCT = YES;
			};
			name = Release;
		};
		59FE633718FD9F4E009C8D12 /* Debug */ = {
			isa = XCBuildConfiguration;
			buildSettings = {
				ASSETCATALOG_COMPILER_APPICON_NAME = AppIcon;
				ASSETCATALOG_COMPILER_LAUNCHIMAGE_NAME = LaunchImage;
				GCC_PRECOMPILE_PREFIX_HEADER = YES;
				GCC_PREFIX_HEADER = "CrystalBall/CrystalBall-Prefix.pch";
				INFOPLIST_FILE = "CrystalBall/CrystalBall-Info.plist";
				PRODUCT_NAME = "$(TARGET_NAME)";
				WRAPPER_EXTENSION = app;
			};
			name = Debug;
		};
		59FE633818FD9F4E009C8D12 /* Release */ = {
			isa = XCBuildConfiguration;
			buildSettings = {
				ASSETCATALOG_COMPILER_APPICON_NAME = AppIcon;
				ASSETCATALOG_COMPILER_LAUNCHIMAGE_NAME = LaunchImage;
				GCC_PRECOMPILE_PREFIX_HEADER = YES;
				GCC_PREFIX_HEADER = "CrystalBall/CrystalBall-Prefix.pch";
				INFOPLIST_FILE = "CrystalBall/CrystalBall-Info.plist";
				PRODUCT_NAME = "$(TARGET_NAME)";
				WRAPPER_EXTENSION = app;
			};
			name = Release;
		};
		59FE633A18FD9F4E009C8D12 /* Debug */ = {
			isa = XCBuildConfiguration;
			buildSettings = {
				BUNDLE_LOADER = "$(BUILT_PRODUCTS_DIR)/CrystalBall.app/CrystalBall";
				FRAMEWORK_SEARCH_PATHS = (
					"$(SDKROOT)/Developer/Library/Frameworks",
					"$(inherited)",
					"$(DEVELOPER_FRAMEWORKS_DIR)",
				);
				GCC_PRECOMPILE_PREFIX_HEADER = YES;
				GCC_PREFIX_HEADER = "CrystalBall/CrystalBall-Prefix.pch";
				GCC_PREPROCESSOR_DEFINITIONS = (
					"DEBUG=1",
					"$(inherited)",
				);
				INFOPLIST_FILE = "CrystalBallTests/CrystalBallTests-Info.plist";
				PRODUCT_NAME = "$(TARGET_NAME)";
				TEST_HOST = "$(BUNDLE_LOADER)";
				WRAPPER_EXTENSION = xctest;
			};
			name = Debug;
		};
		59FE633B18FD9F4E009C8D12 /* Release */ = {
			isa = XCBuildConfiguration;
			buildSettings = {
				BUNDLE_LOADER = "$(BUILT_PRODUCTS_DIR)/CrystalBall.app/CrystalBall";
				FRAMEWORK_SEARCH_PATHS = (
					"$(SDKROOT)/Developer/Library/Frameworks",
					"$(inherited)",
					"$(DEVELOPER_FRAMEWORKS_DIR)",
				);
				GCC_PRECOMPILE_PREFIX_HEADER = YES;
				GCC_PREFIX_HEADER = "CrystalBall/CrystalBall-Prefix.pch";
				INFOPLIST_FILE = "CrystalBallTests/CrystalBallTests-Info.plist";
				PRODUCT_NAME = "$(TARGET_NAME)";
				TEST_HOST = "$(BUNDLE_LOADER)";
				WRAPPER_EXTENSION = xctest;
			};
			name = Release;
		};
/* End XCBuildConfiguration section */

/* Begin XCConfigurationList section */
		59FE62FF18FD9F4D009C8D12 /* Build configuration list for PBXProject "CrystalBall" */ = {
			isa = XCConfigurationList;
			buildConfigurations = (
				59FE633418FD9F4E009C8D12 /* Debug */,
				59FE633518FD9F4E009C8D12 /* Release */,
			);
			defaultConfigurationIsVisible = 0;
			defaultConfigurationName = Release;
		};
		59FE633618FD9F4E009C8D12 /* Build configuration list for PBXNativeTarget "CrystalBall" */ = {
			isa = XCConfigurationList;
			buildConfigurations = (
				59FE633718FD9F4E009C8D12 /* Debug */,
				59FE633818FD9F4E009C8D12 /* Release */,
			);
			defaultConfigurationIsVisible = 0;
		};
		59FE633918FD9F4E009C8D12 /* Build configuration list for PBXNativeTarget "CrystalBallTests" */ = {
			isa = XCConfigurationList;
			buildConfigurations = (
				59FE633A18FD9F4E009C8D12 /* Debug */,
				59FE633B18FD9F4E009C8D12 /* Release */,
			);
			defaultConfigurationIsVisible = 0;
		};
/* End XCConfigurationList section */
	};
	rootObject = 59FE62FC18FD9F4D009C8D12 /* Project object */;
}
